
Microsoft Visual Studio Solution File, Format Version 12.00
# Visual Studio Version 16
VisualStudioVersion = 16.0.30804.86
MinimumVisualStudioVersion = 10.0.40219.1
Project("{FAE04EC0-301F-11D3-BF4B-00C04F79EFBC}") = "Flight", "Flight\Flight.csproj", "{3C979648-3DB1-44D0-A95B-72CA65B57C7E}"
EndProject
Global
	GlobalSection(SolutionConfigurationPlatforms) = preSolution
		Debug|Any CPU = Debug|Any CPU
		Release|Any CPU = Release|Any CPU
	EndGlobalSection
	GlobalSection(ProjectConfigurationPlatforms) = postSolution
		{3C979648-3DB1-44D0-A95B-72CA65B57C7E}.Debug|Any CPU.ActiveCfg = Debug|Any CPU
		{3C979648-3DB1-44D0-A95B-72CA65B57C7E}.Debug|Any CPU.Build.0 = Debug|Any CPU
		{3C979648-3DB1-44D0-A95B-72CA65B57C7E}.Release|Any CPU.ActiveCfg = Release|Any CPU
		{3C979648-3DB1-44D0-A95B-72CA65B57C7E}.Release|Any CPU.Build.0 = Release|Any CPU
	EndGlobalSection
	GlobalSection(SolutionProperties) = preSolution
		HideSolutionNode = FALSE
	EndGlobalSection
	GlobalSection(ExtensibilityGlobals) = postSolution
		SolutionGuid = {8846D344-3879-416B-9063-B97AB386CD5E}
	EndGlobalSection
EndGlobal
